
Microsoft Visual Studio Solution File, Format Version 12.00
# Visual Studio Version 17
VisualStudioVersion = 17.14.36202.13
MinimumVisualStudioVersion = 10.0.40219.1
Project("{FAE04EC0-301F-11D3-BF4B-00C04F79EFBC}") = "CentralSecurityService", "CentralSecurityService\CentralSecurityService.csproj", "{537C8A30-5240-47B3-BAA8-0BE2E31FE354}"
EndProject
Project("{FAE04EC0-301F-11D3-BF4B-00C04F79EFBC}") = "Eadent.Common", "Eadent.Common\Eadent.Common.csproj", "{F6F8260D-0A44-965E-9C3F-DC14948B5D93}"
EndProject
Global
	GlobalSection(SolutionConfigurationPlatforms) = preSolution
		Debug|Any CPU = Debug|Any CPU
		Release|Any CPU = Release|Any CPU
	EndGlobalSection
	GlobalSection(ProjectConfigurationPlatforms) = postSolution
		{537C8A30-5240-47B3-BAA8-0BE2E31FE354}.Debug|Any CPU.ActiveCfg = Debug|Any CPU
		{537C8A30-5240-47B3-BAA8-0BE2E31FE354}.Debug|Any CPU.Build.0 = Debug|Any CPU
		{537C8A30-5240-47B3-BAA8-0BE2E31FE354}.Release|Any CPU.ActiveCfg = Release|Any CPU
		{537C8A30-5240-47B3-BAA8-0BE2E31FE354}.Release|Any CPU.Build.0 = Release|Any CPU
		{F6F8260D-0A44-965E-9C3F-DC14948B5D93}.Debug|Any CPU.ActiveCfg = Debug|Any CPU
		{F6F8260D-0A44-965E-9C3F-DC14948B5D93}.Debug|Any CPU.Build.0 = Debug|Any CPU
		{F6F8260D-0A44-965E-9C3F-DC14948B5D93}.Release|Any CPU.ActiveCfg = Release|Any CPU
		{F6F8260D-0A44-965E-9C3F-DC14948B5D93}.Release|Any CPU.Build.0 = Release|Any CPU
	EndGlobalSection
	GlobalSection(SolutionProperties) = preSolution
		HideSolutionNode = FALSE
	EndGlobalSection
	GlobalSection(ExtensibilityGlobals) = postSolution
		SolutionGuid = {88AEE6CE-4E02-4A12-A838-872DBEB31DCF}
	EndGlobalSection
EndGlobal
